// !$*UTF8*$!
{
	archiveVersion = 1;
	classes = {
	};
	objectVersion = 46;
	objects = {

/* Begin PBXBuildFile section */
		FDCB818C1AA0BDE90004DBB4 /* AppDelegate.swift in Sources */ = {isa = PBXBuildFile; fileRef = FDCB818B1AA0BDE90004DBB4 /* AppDelegate.swift */; };
		FDCB818E1AA0BDE90004DBB4 /* ViewController.swift in Sources */ = {isa = PBXBuildFile; fileRef = FDCB818D1AA0BDE90004DBB4 /* ViewController.swift */; };
		FDCB81911AA0BDE90004DBB4 /* Main.storyboard in Resources */ = {isa = PBXBuildFile; fileRef = FDCB818F1AA0BDE90004DBB4 /* Main.storyboard */; };
		FDCB81931AA0BDE90004DBB4 /* Images.xcassets in Resources */ = {isa = PBXBuildFile; fileRef = FDCB81921AA0BDE90004DBB4 /* Images.xcassets */; };
		FDCB81961AA0BDE90004DBB4 /* LaunchScreen.xib in Resources */ = {isa = PBXBuildFile; fileRef = FDCB81941AA0BDE90004DBB4 /* LaunchScreen.xib */; };
		FDCB81A21AA0BDE90004DBB4 /* Swift_AuthenticationTestTests.swift in Sources */ = {isa = PBXBuildFile; fileRef = FDCB81A11AA0BDE90004DBB4 /* Swift_AuthenticationTestTests.swift */; };
/* End PBXBuildFile section */

/* Begin PBXContainerItemProxy section */
		FDCB819C1AA0BDE90004DBB4 /* PBXContainerItemProxy */ = {
			isa = PBXContainerItemProxy;
			containerPortal = FDCB817E1AA0BDE80004DBB4 /* Project object */;
			proxyType = 1;
			remoteGlobalIDString = FDCB81851AA0BDE90004DBB4;
			remoteInfo = Swift_AuthenticationTest;
		};
/* End PBXContainerItemProxy section */

/* Begin PBXFileReference section */
		FDCB81861AA0BDE90004DBB4 /* Swift_AuthenticationTest.app */ = {isa = PBXFileReference; explicitFileType = wrapper.application; includeInIndex = 0; path = Swift_AuthenticationTest.app; sourceTree = BUILT_PRODUCTS_DIR; };
		FDCB818A1AA0BDE90004DBB4 /* Info.plist */ = {isa = PBXFileReference; lastKnownFileType = text.plist.xml; path = Info.plist; sourceTree = "<group>"; };
		FDCB818B1AA0BDE90004DBB4 /* AppDelegate.swift */ = {isa = PBXFileReference; lastKnownFileType = sourcecode.swift; path = AppDelegate.swift; sourceTree = "<group>"; };
		FDCB818D1AA0BDE90004DBB4 /* ViewController.swift */ = {isa = PBXFileReference; lastKnownFileType = sourcecode.swift; path = ViewController.swift; sourceTree = "<group>"; };
		FDCB81901AA0BDE90004DBB4 /* Base */ = {isa = PBXFileReference; lastKnownFileType = file.storyboard; name = Base; path = Base.lproj/Main.storyboard; sourceTree = "<group>"; };
		FDCB81921AA0BDE90004DBB4 /* Images.xcassets */ = {isa = PBXFileReference; lastKnownFileType = folder.assetcatalog; path = Images.xcassets; sourceTree = "<group>"; };
		FDCB81951AA0BDE90004DBB4 /* Base */ = {isa = PBXFileReference; lastKnownFileType = file.xib; name = Base; path = Base.lproj/LaunchScreen.xib; sourceTree = "<group>"; };
		FDCB819B1AA0BDE90004DBB4 /* Swift_AuthenticationTestTests.xctest */ = {isa = PBXFileReference; explicitFileType = wrapper.cfbundle; includeInIndex = 0; path = Swift_AuthenticationTestTests.xctest; sourceTree = BUILT_PRODUCTS_DIR; };
		FDCB81A01AA0BDE90004DBB4 /* Info.plist */ = {isa = PBXFileReference; lastKnownFileType = text.plist.xml; path = Info.plist; sourceTree = "<group>"; };
		FDCB81A11AA0BDE90004DBB4 /* Swift_AuthenticationTestTests.swift */ = {isa = PBXFileReference; lastKnownFileType = sourcecode.swift; path = Swift_AuthenticationTestTests.swift; sourceTree = "<group>"; };
/* End PBXFileReference section */

/* Begin PBXFrameworksBuildPhase section */
		FDCB81831AA0BDE90004DBB4 /* Frameworks */ = {
			isa = PBXFrameworksBuildPhase;
			buildActionMask = 2147483647;
			files = (
			);
			runOnlyForDeploymentPostprocessing = 0;
		};
		FDCB81981AA0BDE90004DBB4 /* Frameworks */ = {
			isa = PBXFrameworksBuildPhase;
			buildActionMask = 2147483647;
			files = (
			);
			runOnlyForDeploymentPostprocessing = 0;
		};
/* End PBXFrameworksBuildPhase section */

/* Begin PBXGroup section */
		FDCB817D1AA0BDE80004DBB4 = {
			isa = PBXGroup;
			children = (
				FDCB81881AA0BDE90004DBB4 /* Swift_AuthenticationTest */,
				FDCB819E1AA0BDE90004DBB4 /* Swift_AuthenticationTestTests */,
				FDCB81871AA0BDE90004DBB4 /* Products */,
			);
			sourceTree = "<group>";
		};
		FDCB81871AA0BDE90004DBB4 /* Products */ = {
			isa = PBXGroup;
			children = (
				FDCB81861AA0BDE90004DBB4 /* Swift_AuthenticationTest.app */,
				FDCB819B1AA0BDE90004DBB4 /* Swift_AuthenticationTestTests.xctest */,
			);
			name = Products;
			sourceTree = "<group>";
		};
		FDCB81881AA0BDE90004DBB4 /* Swift_AuthenticationTest */ = {
			isa = PBXGroup;
			children = (
				FDCB818B1AA0BDE90004DBB4 /* AppDelegate.swift */,
				FDCB818D1AA0BDE90004DBB4 /* ViewController.swift */,
				FDCB818F1AA0BDE90004DBB4 /* Main.storyboard */,
				FDCB81921AA0BDE90004DBB4 /* Images.xcassets */,
				FDCB81941AA0BDE90004DBB4 /* LaunchScreen.xib */,
				FDCB81891AA0BDE90004DBB4 /* Supporting Files */,
			);
			path = Swift_AuthenticationTest;
			sourceTree = "<group>";
		};
		FDCB81891AA0BDE90004DBB4 /* Supporting Files */ = {
			isa = PBXGroup;
			children = (
				FDCB818A1AA0BDE90004DBB4 /* Info.plist */,
			);
			name = "Supporting Files";
			sourceTree = "<group>";
		};
		FDCB819E1AA0BDE90004DBB4 /* Swift_AuthenticationTestTests */ = {
			isa = PBXGroup;
			children = (
				FDCB81A11AA0BDE90004DBB4 /* Swift_AuthenticationTestTests.swift */,
				FDCB819F1AA0BDE90004DBB4 /* Supporting Files */,
			);
			path = Swift_AuthenticationTestTests;
			sourceTree = "<group>";
		};
		FDCB819F1AA0BDE90004DBB4 /* Supporting Files */ = {
			isa = PBXGroup;
			children = (
				FDCB81A01AA0BDE90004DBB4 /* Info.plist */,
			);
			name = "Supporting Files";
			sourceTree = "<group>";
		};
/* End PBXGroup section */

/* Begin PBXNativeTarget section */
		FDCB81851AA0BDE90004DBB4 /* Swift_AuthenticationTest */ = {
			isa = PBXNativeTarget;
			buildConfigurationList = FDCB81A51AA0BDE90004DBB4 /* Build configuration list for PBXNativeTarget "Swift_AuthenticationTest" */;
			buildPhases = (
				FDCB81821AA0BDE90004DBB4 /* Sources */,
				FDCB81831AA0BDE90004DBB4 /* Frameworks */,
				FDCB81841AA0BDE90004DBB4 /* Resources */,
			);
			buildRules = (
			);
			dependencies = (
			);
			name = Swift_AuthenticationTest;
			productName = Swift_AuthenticationTest;
			productReference = FDCB81861AA0BDE90004DBB4 /* Swift_AuthenticationTest.app */;
			productType = "com.apple.product-type.application";
		};
		FDCB819A1AA0BDE90004DBB4 /* Swift_AuthenticationTestTests */ = {
			isa = PBXNativeTarget;
			buildConfigurationList = FDCB81A81AA0BDE90004DBB4 /* Build configuration list for PBXNativeTarget "Swift_AuthenticationTestTests" */;
			buildPhases = (
				FDCB81971AA0BDE90004DBB4 /* Sources */,
				FDCB81981AA0BDE90004DBB4 /* Frameworks */,
				FDCB81991AA0BDE90004DBB4 /* Resources */,
			);
			buildRules = (
			);
			dependencies = (
				FDCB819D1AA0BDE90004DBB4 /* PBXTargetDependency */,
			);
			name = Swift_AuthenticationTestTests;
			productName = Swift_AuthenticationTestTests;
			productReference = FDCB819B1AA0BDE90004DBB4 /* Swift_AuthenticationTestTests.xctest */;
			productType = "com.apple.product-type.bundle.unit-test";
		};
/* End PBXNativeTarget section */

/* Begin PBXProject section */
		FDCB817E1AA0BDE80004DBB4 /* Project object */ = {
			isa = PBXProject;
			attributes = {
				LastUpgradeCheck = 0630;
				ORGANIZATIONNAME = "麻生 拓弥";
				TargetAttributes = {
					FDCB81851AA0BDE90004DBB4 = {
						CreatedOnToolsVersion = 6.3;
					};
					FDCB819A1AA0BDE90004DBB4 = {
						CreatedOnToolsVersion = 6.3;
						TestTargetID = FDCB81851AA0BDE90004DBB4;
					};
				};
			};
			buildConfigurationList = FDCB81811AA0BDE80004DBB4 /* Build configuration list for PBXProject "Swift_AuthenticationTest" */;
			compatibilityVersion = "Xcode 3.2";
			developmentRegion = English;
			hasScannedForEncodings = 0;
			knownRegions = (
				en,
				Base,
			);
			mainGroup = FDCB817D1AA0BDE80004DBB4;
			productRefGroup = FDCB81871AA0BDE90004DBB4 /* Products */;
			projectDirPath = "";
			projectRoot = "";
			targets = (
				FDCB81851AA0BDE90004DBB4 /* Swift_AuthenticationTest */,
				FDCB819A1AA0BDE90004DBB4 /* Swift_AuthenticationTestTests */,
			);
		};
/* End PBXProject section */

/* Begin PBXResourcesBuildPhase section */
		FDCB81841AA0BDE90004DBB4 /* Resources */ = {
			isa = PBXResourcesBuildPhase;
			buildActionMask = 2147483647;
			files = (
				FDCB81911AA0BDE90004DBB4 /* Main.storyboard in Resources */,
				FDCB81961AA0BDE90004DBB4 /* LaunchScreen.xib in Resources */,
				FDCB81931AA0BDE90004DBB4 /* Images.xcassets in Resources */,
			);
			runOnlyForDeploymentPostprocessing = 0;
		};
		FDCB81991AA0BDE90004DBB4 /* Resources */ = {
			isa = PBXResourcesBuildPhase;
			buildActionMask = 2147483647;
			files = (
			);
			runOnlyForDeploymentPostprocessing = 0;
		};
/* End PBXResourcesBuildPhase section */

/* Begin PBXSourcesBuildPhase section */
		FDCB81821AA0BDE90004DBB4 /* Sources */ = {
			isa = PBXSourcesBuildPhase;
			buildActionMask = 2147483647;
			files = (
				FDCB818E1AA0BDE90004DBB4 /* ViewController.swift in Sources */,
				FDCB818C1AA0BDE90004DBB4 /* AppDelegate.swift in Sources */,
			);
			runOnlyForDeploymentPostprocessing = 0;
		};
		FDCB81971AA0BDE90004DBB4 /* Sources */ = {
			isa = PBXSourcesBuildPhase;
			buildActionMask = 2147483647;
			files = (
				FDCB81A21AA0BDE90004DBB4 /* Swift_AuthenticationTestTests.swift in Sources */,
			);
			runOnlyForDeploymentPostprocessing = 0;
		};
/* End PBXSourcesBuildPhase section */

/* Begin PBXTargetDependency section */
		FDCB819D1AA0BDE90004DBB4 /* PBXTargetDependency */ = {
			isa = PBXTargetDependency;
			target = FDCB81851AA0BDE90004DBB4 /* Swift_AuthenticationTest */;
			targetProxy = FDCB819C1AA0BDE90004DBB4 /* PBXContainerItemProxy */;
		};
/* End PBXTargetDependency section */

/* Begin PBXVariantGroup section */
		FDCB818F1AA0BDE90004DBB4 /* Main.storyboard */ = {
			isa = PBXVariantGroup;
			children = (
				FDCB81901AA0BDE90004DBB4 /* Base */,
			);
			name = Main.storyboard;
			sourceTree = "<group>";
		};
		FDCB81941AA0BDE90004DBB4 /* LaunchScreen.xib */ = {
			isa = PBXVariantGroup;
			children = (
				FDCB81951AA0BDE90004DBB4 /* Base */,
			);
			name = LaunchScreen.xib;
			sourceTree = "<group>";
		};
/* End PBXVariantGroup section */

/* Begin XCBuildConfiguration section */
		FDCB81A31AA0BDE90004DBB4 /* Debug */ = {
			isa = XCBuildConfiguration;
			buildSettings = {
				ALWAYS_SEARCH_USER_PATHS = NO;
				CLANG_CXX_LANGUAGE_STANDARD = "gnu++0x";
				CLANG_CXX_LIBRARY = "libc++";
				CLANG_ENABLE_MODULES = YES;
				CLANG_ENABLE_OBJC_ARC = YES;
				CLANG_WARN_BOOL_CONVERSION = YES;
				CLANG_WARN_CONSTANT_CONVERSION = YES;
				CLANG_WARN_DIRECT_OBJC_ISA_USAGE = YES_ERROR;
				CLANG_WARN_EMPTY_BODY = YES;
				CLANG_WARN_ENUM_CONVERSION = YES;
				CLANG_WARN_INT_CONVERSION = YES;
				CLANG_WARN_OBJC_ROOT_CLASS = YES_ERROR;
				CLANG_WARN_UNREACHABLE_CODE = YES;
				CLANG_WARN__DUPLICATE_METHOD_MATCH = YES;
				"CODE_SIGN_IDENTITY[sdk=iphoneos*]" = "iPhone Developer";
				COPY_PHASE_STRIP = NO;
				DEBUG_INFORMATION_FORMAT = dwarf;
				ENABLE_STRICT_OBJC_MSGSEND = YES;
				GCC_C_LANGUAGE_STANDARD = gnu99;
				GCC_DYNAMIC_NO_PIC = NO;
				GCC_NO_COMMON_BLOCKS = YES;
				GCC_OPTIMIZATION_LEVEL = 0;
				GCC_PREPROCESSOR_DEFINITIONS = (
					"DEBUG=1",
					"$(inherited)",
				);
				GCC_SYMBOLS_PRIVATE_EXTERN = NO;
				GCC_WARN_64_TO_32_BIT_CONVERSION = YES;
				GCC_WARN_ABOUT_RETURN_TYPE = YES_ERROR;
				GCC_WARN_UNDECLARED_SELECTOR = YES;
				GCC_WARN_UNINITIALIZED_AUTOS = YES_AGGRESSIVE;
				GCC_WARN_UNUSED_FUNCTION = YES;
				GCC_WARN_UNUSED_VARIABLE = YES;
				IPHONEOS_DEPLOYMENT_TARGET = 8.3;
				MTL_ENABLE_DEBUG_INFO = YES;
				ONLY_ACTIVE_ARCH = YES;
				SDKROOT = iphoneos;
				SWIFT_OPTIMIZATION_LEVEL = "-Onone";
				TARGETED_DEVICE_FAMILY = "1,2";
			};
			name = Debug;
		};
		FDCB81A41AA0BDE90004DBB4 /* Release */ = {
			isa = XCBuildConfiguration;
			buildSettings = {
				ALWAYS_SEARCH_USER_PATHS = NO;
				CLANG_CXX_LANGUAGE_STANDARD = "gnu++0x";
				CLANG_CXX_LIBRARY = "libc++";
				CLANG_ENABLE_MODULES = YES;
				CLANG_ENABLE_OBJC_ARC = YES;
				CLANG_WARN_BOOL_CONVERSION = YES;
				CLANG_WARN_CONSTANT_CONVERSION = YES;
				CLANG_WARN_DIRECT_OBJC_ISA_USAGE = YES_ERROR;
				CLANG_WARN_EMPTY_BODY = YES;
				CLANG_WARN_ENUM_CONVERSION = YES;
				CLANG_WARN_INT_CONVERSION = YES;
				CLANG_WARN_OBJC_ROOT_CLASS = YES_ERROR;
				CLANG_WARN_UNREACHABLE_CODE = YES;
				CLANG_WARN__DUPLICATE_METHOD_MATCH = YES;
				"CODE_SIGN_IDENTITY[sdk=iphoneos*]" = "iPhone Developer";
				COPY_PHASE_STRIP = NO;
				DEBUG_INFORMATION_FORMAT = "dwarf-with-dsym";
				ENABLE_NS_ASSERTIONS = NO;
				ENABLE_STRICT_OBJC_MSGSEND = YES;
				GCC_C_LANGUAGE_STANDARD = gnu99;
				GCC_NO_COMMON_BLOCKS = YES;
				GCC_WARN_64_TO_32_BIT_CONVERSION = YES;
				GCC_WARN_ABOUT_RETURN_TYPE = YES_ERROR;
				GCC_WARN_UNDECLARED_SELECTOR = YES;
				GCC_WARN_UNINITIALIZED_AUTOS = YES_AGGRESSIVE;
				GCC_WARN_UNUSED_FUNCTION = YES;
				GCC_WARN_UNUSED_VARIABLE = YES;
				IPHONEOS_DEPLOYMENT_TARGET = 8.3;
				MTL_ENABLE_DEBUG_INFO = NO;
				SDKROOT = iphoneos;
				TARGETED_DEVICE_FAMILY = "1,2";
				VALIDATE_PRODUCT = YES;
			};
			name = Release;
		};
		FDCB81A61AA0BDE90004DBB4 /* Debug */ = {
			isa = XCBuildConfiguration;
			buildSettings = {
				ASSETCATALOG_COMPILER_APPICON_NAME = AppIcon;
				INFOPLIST_FILE = Swift_AuthenticationTest/Info.plist;
				LD_RUNPATH_SEARCH_PATHS = "$(inherited) @executable_path/Frameworks";
				PRODUCT_NAME = "$(TARGET_NAME)";
			};
			name = Debug;
		};
		FDCB81A71AA0BDE90004DBB4 /* Release */ = {
			isa = XCBuildConfiguration;
			buildSettings = {
				ASSETCATALOG_COMPILER_APPICON_NAME = AppIcon;
				INFOPLIST_FILE = Swift_AuthenticationTest/Info.plist;
				LD_RUNPATH_SEARCH_PATHS = "$(inherited) @executable_path/Frameworks";
				PRODUCT_NAME = "$(TARGET_NAME)";
			};
			name = Release;
		};
		FDCB81A91AA0BDE90004DBB4 /* Debug */ = {
			isa = XCBuildConfiguration;
			buildSettings = {
				BUNDLE_LOADER = "$(TEST_HOST)";
				FRAMEWORK_SEARCH_PATHS = (
					"$(SDKROOT)/Developer/Library/Frameworks",
					"$(inherited)",
				);
				GCC_PREPROCESSOR_DEFINITIONS = (
					"DEBUG=1",
					"$(inherited)",
				);
				INFOPLIST_FILE = Swift_AuthenticationTestTests/Info.plist;
				LD_RUNPATH_SEARCH_PATHS = "$(inherited) @executable_path/Frameworks @loader_path/Frameworks";
				PRODUCT_NAME = "$(TARGET_NAME)";
				TEST_HOST = "$(BUILT_PRODUCTS_DIR)/Swift_AuthenticationTest.app/Swift_AuthenticationTest";
			};
			name = Debug;
		};
		FDCB81AA1AA0BDE90004DBB4 /* Release */ = {
			isa = XCBuildConfiguration;
			buildSettings = {
				BUNDLE_LOADER = "$(TEST_HOST)";
				FRAMEWORK_SEARCH_PATHS = (
					"$(SDKROOT)/Developer/Library/Frameworks",
					"$(inherited)",
				);
				INFOPLIST_FILE = Swift_AuthenticationTestTests/Info.plist;
				LD_RUNPATH_SEARCH_PATHS = "$(inherited) @executable_path/Frameworks @loader_path/Frameworks";
				PRODUCT_NAME = "$(TARGET_NAME)";
				TEST_HOST = "$(BUILT_PRODUCTS_DIR)/Swift_AuthenticationTest.app/Swift_AuthenticationTest";
			};
			name = Release;
		};
/* End XCBuildConfiguration section */

/* Begin XCConfigurationList section */
		FDCB81811AA0BDE80004DBB4 /* Build configuration list for PBXProject "Swift_AuthenticationTest" */ = {
			isa = XCConfigurationList;
			buildConfigurations = (
				FDCB81A31AA0BDE90004DBB4 /* Debug */,
				FDCB81A41AA0BDE90004DBB4 /* Release */,
			);
			defaultConfigurationIsVisible = 0;
			defaultConfigurationName = Release;
		};
		FDCB81A51AA0BDE90004DBB4 /* Build configuration list for PBXNativeTarget "Swift_AuthenticationTest" */ = {
			isa = XCConfigurationList;
			buildConfigurations = (
				FDCB81A61AA0BDE90004DBB4 /* Debug */,
				FDCB81A71AA0BDE90004DBB4 /* Release */,
			);
			defaultConfigurationIsVisible = 0;
		};
		FDCB81A81AA0BDE90004DBB4 /* Build configuration list for PBXNativeTarget "Swift_AuthenticationTestTests" */ = {
			isa = XCConfigurationList;
			buildConfigurations = (
				FDCB81A91AA0BDE90004DBB4 /* Debug */,
				FDCB81AA1AA0BDE90004DBB4 /* Release */,
			);
			defaultConfigurationIsVisible = 0;
		};
/* End XCConfigurationList section */
	};
	rootObject = FDCB817E1AA0BDE80004DBB4 /* Project object */;
}
